version = 1
revision = 3
requires-python = ">=3.11, <3.15"

[[package]]
name = "msvc-runtime"
version = "14.44.35112"
source = { registry = "https://pypi.org/simple" }
wheels = [
    { url = "https://files.pythonhosted.org/packages/79/6d/db7a1f232aaaab3fb639db8d5c5d846af32ebed9dcb2373335de8767169b/msvc_runtime-14.44.35112-cp311-cp311-win32.whl", hash = "sha256:438a584930820238141162ef9b92bd8099ccca62a67fa0ddef63ed88b8eb4e0d", size = 1921504, upload-time = "2025-08-08T03:57:50.173Z" },
    { url = "https://files.pythonhosted.org/packages/ce/92/5a10262c2a489d5854f96d69e287923d6f720c4935dd26634deb7a5426e9/msvc_runtime-14.44.35112-cp311-cp311-win_amd64.whl", hash = "sha256:aba7fbe71897d25ed53fbb7f391e9f50289378a8a9ae218ba18530c663448391", size = 1921911, upload-time = "2025-08-08T03:57:51.814Z" },
    { url = "https://files.pythonhosted.org/packages/cc/33/88002539f2f5f2cc1fe978bf44cc5d140044473326da3baf52d99a6d8128/msvc_runtime-14.44.35112-cp311-cp311-win_arm64.whl", hash = "sha256:3a9c137951944fdc121377947bb4787dcd1007b505d7cf26f62d308d2b8df280", size = 3208236, upload-time = "2025-08-08T03:57:53.338Z" },
    { url = "https://files.pythonhosted.org/packages/1f/7d/f86050e24fd78e76e56145b326bfd3e7ae2c028e87e0732802a0c5144223/msvc_runtime-14.44.35112-cp312-cp312-win32.whl", hash = "sha256:7c5af6756056dbf6f3593f69b0f4575dbbd9e8ec10d3108ff00437da811a7b67", size = 1921505, upload-time = "2025-08-08T03:57:54.509Z" },
    { url = "https://files.pythonhosted.org/packages/21/3b/134d04268ab8e35853cd007582076429b45d60d6abb1036d159be9c50342/msvc_runtime-14.44.35112-cp312-cp312-win_amd64.whl", hash = "sha256:32f9c706009e16ccc319d6947ce3bffe20e5192bee52b18cf48313f9e7bedfbe", size = 1921899, upload-time = "2025-08-08T03:57:55.648Z" },
    { url = "https://files.pythonhosted.org/packages/a0/38/f245d6d30a76655293575683aaa5f72a7a70fc8efa1637bf6fd9e5e7e665/msvc_runtime-14.44.35112-cp312-cp312-win_arm64.whl", hash = "sha256:62f272c51f30ce0de1b7a796e50af4d3911b76cbc9bc909917435d094f68d5fe", size = 3208186, upload-time = "2025-08-08T03:57:57.401Z" },
    { url = "https://files.pythonhosted.org/packages/b0/3b/590fcbf92fee8f0d3ac46cd8b32069b058d6ce7bfb8be6c07a35d9c9188b/msvc_runtime-14.44.35112-cp313-cp313-win32.whl", hash = "sha256:e60781114472891c34fe14cc45a19ac28d80e0084dfbce882b7475c40c743152", size = 1921506, upload-time = "2025-08-08T03:57:58.888Z" },
    { url = "https://files.pythonhosted.org/packages/fe/17/7a1eace5a7c6083bd99db861625c08bb37010dfbe90ed7a0194ae0281689/msvc_runtime-14.44.35112-cp313-cp313-win_amd64.whl", hash = "sha256:d4f6cf106aaf235f2a90952f9ec7de49e9946323880d051abf9745a6d4bf60bf", size = 1921893, upload-time = "2025-08-08T03:58:00.234Z" },
    { url = "https://files.pythonhosted.org/packages/33/0d/88d6183846ad33b4a8fcb82fc86f26f9b7e21d776a925b6c8ab89618234a/msvc_runtime-14.44.35112-cp313-cp313-win_arm64.whl", hash = "sha256:359152dc9769559fee4ffdaa19f1fc2b72ab1535631a6105116776b263a235ac", size = 3208191, upload-time = "2025-08-08T03:58:02.35Z" },
    { url = "https://files.pythonhosted.org/packages/d7/9c/b9ee5402fe9daf6f4dba458f11238289c606df05e0cc9f0750d5ada4ff3b/msvc_runtime-14.44.35112-cp314-cp314-win32.whl", hash = "sha256:99c22caa2755c76cfa34b741e96bee99c461480d709fb9c582492ccc0f03c7ae", size = 1976509, upload-time = "2025-08-08T03:58:03.698Z" },
    { url = "https://files.pythonhosted.org/packages/d2/48/7fb574a4bfa697574a7dc7105bc15ef6882125e7c77c794c5e73429de832/msvc_runtime-14.44.35112-cp314-cp314-win_amd64.whl", hash = "sha256:af179a6c552070e660493765efd5856283af3fed971ddc3577203a7d3f1ee8e7", size = 1976906, upload-time = "2025-08-08T03:58:05.079Z" },
    { url = "https://files.pythonhosted.org/packages/93/b3/bdb7c215d1080ea08deb5e151dc261f74f5b1d25544947e31e902eb1253f/msvc_runtime-14.44.35112-cp314-cp314-win_arm64.whl", hash = "sha256:81eb9346ab2a269ea934bf13492fe5c1cd50af871a2fbb973f0a514031e81b6a", size = 3300540, upload-time = "2025-08-08T03:58:06.52Z" },
    { url = "https://files.pythonhosted.org/packages/95/99/271ff26cf07d875766efa4a376fe9415c033f07fe85a1371a071aaa37aca/msvc_runtime-14.44.35112-cp314-cp314t-win32.whl", hash = "sha256:38d64f2db707be465a79c87f0bec347249af89614550d10ed0345f6a7f80cf73", size = 1976674, upload-time = "2025-08-08T03:58:07.902Z" },
    { url = "https://files.pythonhosted.org/packages/47/eb/76fd58fd64209e7f3dbfe59237e2c49ee6bdd4c21eba9efe5a2354dacd3e/msvc_runtime-14.44.35112-cp314-cp314t-win_amd64.whl", hash = "sha256:1105f8f8117ee210b85bd8c771dbefff8f8d35771ee7ce3291ddd91d2a03eff1", size = 1977068, upload-time = "2025-08-08T03:58:09.376Z" },
    { url = "https://files.pythonhosted.org/packages/e2/38/b1ff1734e257c99a6450c60a1632d0c9ddbdb049ee4095439a591a0949a5/msvc_runtime-14.44.35112-cp314-cp314t-win_arm64.whl", hash = "sha256:a2ab094e35fa04172f6fd5cfc7d2a2017755ea9c3ff39cad5c2a4456e0bff689", size = 3300780, upload-time = "2025-08-08T03:58:11.061Z" },
]

[[package]]
name = "pyntcore"
version = "2027.0.0a7"
source = { registry = "https://pypi.org/simple" }
dependencies = [
    { name = "robotpy-native-ntcore" },
    { name = "robotpy-wpilog" },
    { name = "robotpy-wpinet" },
    { name = "robotpy-wpiutil" },
]
wheels = [
    { url = "https://files.pythonhosted.org/packages/be/d8/06b558b2dd52515edecf341f4408b628db995bb96c2fec159fdb02ae88b2/pyntcore-2027.0.0a7-cp311-cp311-macosx_13_0_arm64.whl", hash = "sha256:c61bfc4f471d632562053ff826e3f655dcd13d52871bc4dbf3639fc2397fb4a2", size = 1141134, upload-time = "2026-09-11T02:52:14.993Z" },
    { url = "https://files.pythonhosted.org/packages/b2/45/3c2c19f27636d3c49ca80873ca53b069032c4be2fe97f33aee2eda05a70e/pyntcore-2027.0.0a7-cp311-cp311-macosx_13_0_x86_64.whl", hash = "sha256:c103505c92ebcb77496f971206fdb185afa26ebab5662812c52891e5e7bebcb8", size = 1138919, upload-time = "2026-09-11T02:52:16.606Z" },
    { url = "https://files.pythonhosted.org/packages/8a/36/96befb89bf4b713818fe80d0afd2f2edbc204cf64b02b80cebbc8159dcfc/pyntcore-2027.0.0a7-cp311-cp311-manylinux_2_39_aarch64.whl", hash = "sha256:b1e7206c5d0f43682db160bc95956922b99d3f37b76a148f1cd0d862fe5e6789", size = 1420710, upload-time = "2026-09-11T02:52:18.051Z" },
    { url = "https://files.pythonhosted.org/packages/9c/ed/cc42037e3359c42be1ae6667b153e43ffe6ab3ef934a41ded12dd5ee8e81/pyntcore-2027.0.0a7-cp311-cp311-manylinux_2_39_x86_64.whl", hash = "sha256:dfb00dc1af49e85c1e36ce9c6a6e5a881da0d836821b8ed1ca9640abe71c0ad6", size = 1501561, upload-time = "2026-09-11T02:52:19.563Z" },
    { url = "https://files.pythonhosted.org/packages/1f/0b/7aada0fe9d9bce25b03c2e720d47f213c68488d34b78360986be2149e171/pyntcore-2027.0.0a7-cp311-cp311-win_amd64.whl", hash = "sha256:d7157b87e780b08ceed01ae2559c7179ae16a4da2707ce627939c961d5e00f6b", size = 807972, upload-time = "2026-09-11T02:52:21.011Z" },
    { url = "https://files.pythonhosted.org/packages/d3/d3/2d5291008754c04e9d9344b9c790eae32943599b9d548d25d0144a8b2a6c/pyntcore-2027.0.0a7-cp312-cp312-macosx_13_0_arm64.whl", hash = "sha256:cfd3dfd1cdbe27fa5077de68007816a178843e75aa4a306d1d4960af62d27fbf", size = 1144879, upload-time = "2026-09-11T02:52:22.359Z" },
    { url = "https://files.pythonhosted.org/packages/5c/de/65faf4b7296d97739e0817f2fd22f341ccdc8e9c604becb71d01325b98a4/pyntcore-2027.0.0a7-cp312-cp312-macosx_13_0_x86_64.whl", hash = "sha256:699a70d1cb14deaa9d89e566a767bc15d160b765be627c023fd347eaa611b613", size = 1157319, upload-time = "2026-09-11T02:52:23.787Z" },
    { url = "https://files.pythonhosted.org/packages/96/9d/39a67decd5aee2d0aed2bee6d7b6532cebfcca6d338a3265fe7dcbf6ffa3/pyntcore-2027.0.0a7-cp312-cp312-manylinux_2_39_aarch64.whl", hash = "sha256:d2edfa68f5bb3ac6579af22ec4230c640b65b0f51be03bee98b2aee9a7a064e1", size = 1438352, upload-time = "2026-09-11T02:52:25.427Z" },
    { url = "https://files.pythonhosted.org/packages/65/75/6570257fc9c810b083d74a3fd684dbb0cf99b2c7fcd28bab75e52d3d65cc/pyntcore-2027.0.0a7-cp312-cp312-manylinux_2_39_x86_64.whl", hash = "sha256:0822cf9156d7dca8be8b9bf806fdd9b0c345f84f595592aa2f4582afee8f87e8", size = 1529508, upload-time = "2026-09-11T02:52:26.932Z" },
    { url = "https://files.pythonhosted.org/packages/82/e0/50e7ccd0a05c48adc71e6861b2a13df4730e36e4455b0dbdd342c2a439e0/pyntcore-2027.0.0a7-cp312-cp312-win_amd64.whl", hash = "sha256:9556ad6c516d3a7252947ee23a158bc21c2d5fe684f325ba819d8e9ceaa5a6a0", size = 815722, upload-time = "2026-09-11T02:52:28.276Z" },
    { url = "https://files.pythonhosted.org/packages/52/81/da54fb46373c57530a6f55991ecf297a24802b8146d8718afc6d143992db/pyntcore-2027.0.0a7-cp313-cp313-macosx_13_0_arm64.whl", hash = "sha256:e26d4e95610c5ec39e8a7576ae8898a3f4a4be279925a00d816267e1c541c236", size = 1144961, upload-time = "2026-09-11T02:52:29.661Z" },
    { url = "https://files.pythonhosted.org/packages/ec/86/53cef2d408664e39dc9cf262b0dc60d68b6ae2510adaf9795e5473f64c30/pyntcore-2027.0.0a7-cp313-cp313-macosx_13_0_x86_64.whl", hash = "sha256:e7693b7d54417487fe8a7cf0c7a8a66d4d373c94c8af0c04ceb3ddb5403dcb82", size = 1157317, upload-time = "2026-09-11T02:52:30.976Z" },
    { url = "https://files.pythonhosted.org/packages/74/20/440820bc463fba99d4b84718994fd5aa5880aacde49560baebb1acc928d3/pyntcore-2027.0.0a7-cp313-cp313-manylinux_2_39_aarch64.whl", hash = "sha256:99d44961ef2048d2c96b5175a9ed51fbd7d02ffecd8806480459807cb3727d15", size = 1435426, upload-time = "2026-09-11T02:52:32.317Z" },
    { url = "https://files.pythonhosted.org/packages/a0/c5/c59bf40ea5ec44fbeceba2794cb52c1ae14a98d6cd31a4a2a7d3b8ca4269/pyntcore-2027.0.0a7-cp313-cp313-manylinux_2_39_x86_64.whl", hash = "sha256:34bd2f88b6fe5a730451fc5d94fdc975d0f0c453696e4a22ec40e9defd7fc76e", size = 1529411, upload-time = "2026-09-11T02:52:33.834Z" },
    { url = "https://files.pythonhosted.org/packages/c6/14/ec6bfd5711681ffc6ddc7415ff6a1229a610c3ed1fd13de7a495aafb4d3e/pyntcore-2027.0.0a7-cp313-cp313-win_amd64.whl", hash = "sha256:aa69b804c6c500e860234b18aadc05000ac8cbccdcb1784186a8cb83d720f978", size = 815738, upload-time = "2026-09-11T02:52:35.474Z" },
    { url = "https://files.pythonhosted.org/packages/55/c9/648749b5bcf9bbc5ae95143670085972022f1678c7983f06b6c6eb5baa44/pyntcore-2027.0.0a7-cp314-cp314-macosx_13_0_arm64.whl", hash = "sha256:937ffcd3e658cffd93311da74c1ca58f3f0131042181bbe0cf03c9a5080225ab", size = 1147385, upload-time = "2026-09-11T02:52:36.926Z" },
    { url = "https://files.pythonhosted.org/packages/d8/75/5d83252ada588a9f4fc7cb09b43c6a4a5feccf74755a8da9802b779ba996/pyntcore-2027.0.0a7-cp314-cp314-macosx_13_0_x86_64.whl", hash = "sha256:d2dd3b597f31ccd66282e407d0fefa57ef1baa5a882924219c0a270455501e08", size = 1157273, upload-time = "2026-09-11T02:52:38.358Z" },
    { url = "https://files.pythonhosted.org/packages/1a/6a/c23355a89a5d76edcc582310c6e4f711b1f9bc7584c193e3182ed26c87e9/pyntcore-2027.0.0a7-cp314-cp314-manylinux_2_39_aarch64.whl", hash = "sha256:f586e96f81e08cf48154dfeef6b836008efeae3c975ec70da9f9cdcfc084d739", size = 1440845, upload-time = "2026-09-11T02:52:39.693Z" },
    { url = "https://files.pythonhosted.org/packages/af/00/722b98a55df0eef458a7b9a4bea4da530a4ffdd221b613bad3551ed9439d/pyntcore-2027.0.0a7-cp314-cp314-manylinux_2_39_x86_64.whl", hash = "sha256:8ab109ea1e50d9bab5aa2e5a2070a7030e800d084a8c576a36d8f454fcb356f4", size = 1533516, upload-time = "2026-09-11T02:52:41.3Z" },
    { url = "https://files.pythonhosted.org/packages/2b/df/5850878204d3eb41ea7782bf27021c9b4f7ad439dd39674cc148a6e97e95/pyntcore-2027.0.0a7-cp314-cp314-win_amd64.whl", hash = "sha256:8a3fde0a0a7cec3f0513bf66d92968b52b3ef346709045bc766be9dcd091f447", size = 825688, upload-time = "2026-09-11T02:52:42.712Z" },
]

[[package]]
name = "robotpy-native-datalog"
version = "2027.0.0a7"
source = { registry = "https://pypi.org/simple" }
dependencies = [
    { name = "robotpy-native-wpiutil" },
]
wheels = [
    { url = "https://files.pythonhosted.org/packages/81/a4/2582fc3d5cc2fc7d8651fbf9b0712e884fabefadf6a56248ec3ffed0496f/robotpy_native_datalog-2027.0.0a7-py3-none-macosx_13_0_universal2.whl", hash = "sha256:449701e39d66f558c9ae57babc3729d9bb12247f7ccc92c33603c3ad9756468f", size = 225456, upload-time = "2026-09-11T02:50:57.974Z" },
    { url = "https://files.pythonhosted.org/packages/77/b4/942ecedb5ea8aaa2907cb97153b96c80d5ba0b7d7150df5ec38bb0906b0b/robotpy_native_datalog-2027.0.0a7-py3-none-manylinux_2_39_aarch64.whl", hash = "sha256:8a28dbae56a03dce9e33d979b9e89e1b0debbe3038bc86f5afa6ba957e29b149", size = 117882, upload-time = "2026-09-11T02:50:59.291Z" },
    { url = "https://files.pythonhosted.org/packages/03/86/8e4799a9f0770817dd73bcdf32e4c0e9a5584888e24c78002dbc0e6d62ce/robotpy_native_datalog-2027.0.0a7-py3-none-manylinux_2_39_x86_64.whl", hash = "sha256:b9bb04ccf47e8419915428149c3e2b1caa683aa674b54d14fbc6258879759115", size = 128051, upload-time = "2026-09-11T02:51:00.463Z" },
    { url = "https://files.pythonhosted.org/packages/fe/82/506473a7666b2b02aa9b086ce0f17fe7e925bc5730e2f39f52634610adf5/robotpy_native_datalog-2027.0.0a7-py3-none-win_amd64.whl", hash = "sha256:37c30ceb968a4eba5920c4b7f40b424d3af096e4c1c3f3e1333ccfa99e7c76d9", size = 250165, upload-time = "2026-09-11T02:51:01.719Z" },
]

[[package]]
name = "robotpy-native-ntcore"
version = "2027.0.0a7"
source = { registry = "https://pypi.org/simple" }
dependencies = [
    { name = "robotpy-native-datalog" },
    { name = "robotpy-native-wpinet" },
    { name = "robotpy-native-wpiutil" },
]
wheels = [
    { url = "https://files.pythonhosted.org/packages/c6/a3/a3a84a8a6cc505c9caeaa4bdda053d1368bfb00ad795a1904284aaf90f80/robotpy_native_ntcore-2027.0.0a7-py3-none-macosx_13_0_universal2.whl", hash = "sha256:dbecf3932d5bbec1f237323debaca727ea796f3ff778e317972f3e5ecd913b15", size = 1003876, upload-time = "2026-09-11T02:51:18.893Z" },
    { url = "https://files.pythonhosted.org/packages/1b/93/79bb699eb12aaa79deaa40cf2a881b0efdc2473b4bd5f7a78b4194358c2b/robotpy_native_ntcore-2027.0.0a7-py3-none-manylinux_2_39_aarch64.whl", hash = "sha256:8561e9bcf9085d9a17d39af9c5f4d71299be0173bf0113ac70ca56a3e747a82e", size = 540455, upload-time = "2026-09-11T02:51:20.924Z" },
    { url = "https://files.pythonhosted.org/packages/20/89/96e9f31cad1f1ac780b0dc5a9c18bd68d628bb46fb1769ce9d55990a6b4c/robotpy_native_ntcore-2027.0.0a7-py3-none-manylinux_2_39_x86_64.whl", hash = "sha256:be0d71e6a8f47e48e57cd9f95845fa097f3863f69235d6c5c8c131b18c2af397", size = 602466, upload-time = "2026-09-11T02:51:22.319Z" },
    { url = "https://files.pythonhosted.org/packages/7a/75/b7a54a4b190275e363950418ef2bde80e0761b4c1a5b553aa1d43c8dd00a/robotpy_native_ntcore-2027.0.0a7-py3-none-win_amd64.whl", hash = "sha256:fb9c29206b9474a962360792ae41a67f599cee9948fdab975fa20d2153c14ff3", size = 780060, upload-time = "2026-09-11T02:51:23.994Z" },
]

[[package]]
name = "robotpy-native-wpinet"
version = "2027.0.0a7"
source = { registry = "https://pypi.org/simple" }
dependencies = [
    { name = "robotpy-native-wpiutil" },
]
wheels = [
    { url = "https://files.pythonhosted.org/packages/7f/df/1f48c6419becbbaa28356249c58394aaa01312ce60730228d49875b9e6e1/robotpy_native_wpinet-2027.0.0a7-py3-none-macosx_13_0_universal2.whl", hash = "sha256:85d2f8b8d00504f61465e5a6865f5bdccde9f2f631edc632993349a6d0e343cc", size = 1473013, upload-time = "2026-09-11T02:52:06.502Z" },
    { url = "https://files.pythonhosted.org/packages/a5/88/895920d71fa0312a14ad344792ed314a5413ba888cbc0a87f6a1213d0ad9/robotpy_native_wpinet-2027.0.0a7-py3-none-manylinux_2_39_aarch64.whl", hash = "sha256:a4df523ac915192b268294fd977fa3e5b6ab54fcdc15edf1278ace4955460410", size = 804904, upload-time = "2026-09-11T02:52:08.132Z" },
    { url = "https://files.pythonhosted.org/packages/55/62/5e4755636e11900445aec72afcfe2fe8f5975961e0a1e3805337495acf85/robotpy_native_wpinet-2027.0.0a7-py3-none-manylinux_2_39_x86_64.whl", hash = "sha256:da56d1d3801a7596ace384fb80305e7da4cf4af57cde2105364ac1b238f7c4f7", size = 852413, upload-time = "2026-09-11T02:52:09.583Z" },
    { url = "https://files.pythonhosted.org/packages/15/37/a159c453e7de112f472d8a0dac56d9730f88483600a0869c7be7dbac26de/robotpy_native_wpinet-2027.0.0a7-py3-none-win_amd64.whl", hash = "sha256:c23a38aa15d667bece000cc449797b3fac1e42ccaa6718888ad665b56cd5bfb3", size = 1020355, upload-time = "2026-09-11T02:52:11.358Z" },
]

[[package]]
name = "robotpy-native-wpiutil"
version = "2027.0.0a7"
source = { registry = "https://pypi.org/simple" }
dependencies = [
    { name = "msvc-runtime", marker = "sys_platform == 'win32'" },
]
wheels = [
    { url = "https://files.pythonhosted.org/packages/f9/91/111164ee74f8a21470ab9579dee9e5c787b8804a4e2d8d47ee7824117d25/robotpy_native_wpiutil-2027.0.0a7-py3-none-macosx_13_0_universal2.whl", hash = "sha256:00e9cbcd44d771ef2a37498728913451864208cffc489d3b01180608bcccc77c", size = 1324490, upload-time = "2026-09-11T02:52:13.079Z" },
    { url = "https://files.pythonhosted.org/packages/56/2f/b52084924abd7ec89da6c7d48b6f39b224dd6e68c428d8a9fe16a857ecd4/robotpy_native_wpiutil-2027.0.0a7-py3-none-manylinux_2_39_aarch64.whl", hash = "sha256:0f5da878ba561dcaf636af092b51d1efb2fcc202ecf321d9ae15efdfe5f2ca7d", size = 906434, upload-time = "2026-09-11T02:52:14.763Z" },
    { url = "https://files.pythonhosted.org/packages/36/a0/fa73a51d5840c70b89952bc347722ba806053a65bd4ad45fbd9966c7f47e/robotpy_native_wpiutil-2027.0.0a7-py3-none-manylinux_2_39_x86_64.whl", hash = "sha256:85ffb48d67188d1ca5a3d958ed4e491fd2e5115a1b3c85336896b8db04223423", size = 931380, upload-time = "2026-09-11T02:52:16.248Z" },
    { url = "https://files.pythonhosted.org/packages/8c/6b/feb51a40a7b9d01be1cf56a23c7241beb7956b33911ff007d4be75d950af/robotpy_native_wpiutil-2027.0.0a7-py3-none-win_amd64.whl", hash = "sha256:7eba727aa99c6dd887a7f98e36380f5d12b9d24a98413511d04ce0113dab641e", size = 1074510, upload-time = "2026-09-11T02:52:17.673Z" },
]

[[package]]
name = "robotpy-wpilog"
version = "2027.0.0a7"
source = { registry = "https://pypi.org/simple" }
dependencies = [
    { name = "robotpy-native-datalog" },
    { name = "robotpy-wpiutil" },
]
wheels = [
    { url = "https://files.pythonhosted.org/packages/70/68/5ec71512bb65c1615666fba16124ff291244ab7ca3720562c87282413910/robotpy_wpilog-2027.0.0a7-cp311-cp311-macosx_13_0_arm64.whl", hash = "sha256:e28098ffaf8f961b26ef94f313be2a7f2d374822c91c40341e5773f0f4e9022e", size = 380719, upload-time = "2026-09-11T02:56:18.408Z" },
    { url = "https://files.pythonhosted.org/packages/e7/32/6c9e74158e9dff1d9ce4e55ad55d0f0ef2da073ece013f8b82beff7d502c/robotpy_wpilog-2027.0.0a7-cp311-cp311-macosx_13_0_x86_64.whl", hash = "sha256:e9aa3b8ee3b865efad5d64dd9309d86e71e0972adb10bcb31e9e3aa0f9541882", size = 384922, upload-time = "2026-09-11T02:56:19.715Z" },
    { url = "https://files.pythonhosted.org/packages/44/07/bffa02befcfb9dbc24c8279d0b77aa8b3fc25378925d5a7c2f1ea9280698/robotpy_wpilog-2027.0.0a7-cp311-cp311-manylinux_2_39_aarch64.whl", hash = "sha256:58151e3f9740ce5bec79400b4070ecf6945a68f58ecc320f43de565c3c537c44", size = 413769, upload-time = "2026-09-11T02:56:21.041Z" },
    { url = "https://files.pythonhosted.org/packages/6e/31/e7c9c4152b280f7e0fad546b140285095719f34a1035fa126a5cfe9a9d84/robotpy_wpilog-2027.0.0a7-cp311-cp311-manylinux_2_39_x86_64.whl", hash = "sha256:4423cdcd4d5f13062c32da29e5f2a664d205979a41fdb910375cd9ac41bf0d59", size = 437615, upload-time = "2026-09-11T02:56:22.344Z" },
    { url = "https://files.pythonhosted.org/packages/3a/17/45ebb3f4ccfeb50d2c990a641f0671d921e5612e11bffbef62eee045f9f0/robotpy_wpilog-2027.0.0a7-cp311-cp311-win_amd64.whl", hash = "sha256:232d017d342a24c52033a43903432e36909c057e8314cf82fd9fb29855270936", size = 324276, upload-time = "2026-09-11T02:56:23.878Z" },
    { url = "https://files.pythonhosted.org/packages/6d/5a/336d607cd81dcff4bfd219ecbf413d0da2d89c16d978ff7895d3e5e78e96/robotpy_wpilog-2027.0.0a7-cp312-cp312-macosx_13_0_arm64.whl", hash = "sha256:92eb03f0edc8320096db056045d5cf9f5c1dc671e6e5431f65b5bdf1a808933b", size = 381201, upload-time = "2026-09-11T02:56:25.199Z" },
    { url = "https://files.pythonhosted.org/packages/d5/a8/d695cfab9694017ffb033f20fb20bf044dd6c81d750e390bdeda7eaf00a3/robotpy_wpilog-2027.0.0a7-cp312-cp312-macosx_13_0_x86_64.whl", hash = "sha256:42e99a7bf669e6a41ef6d9a0c66fc0d6b5f607e0dd5a6dbc82d0d159b83428b3", size = 388568, upload-time = "2026-09-11T02:56:26.427Z" },
    { url = "https://files.pythonhosted.org/packages/67/cf/89ad08ac8e7a072c74008f6df870c96ef498dfe1ae5005d3ee5fac0e5098/robotpy_wpilog-2027.0.0a7-cp312-cp312-manylinux_2_39_aarch64.whl", hash = "sha256:a8300733a3e0db71e5a47fbbe9ca8a712e4f41df80078753656ad28da88c0344", size = 418258, upload-time = "2026-09-11T02:56:27.841Z" },
    { url = "https://files.pythonhosted.org/packages/7f/02/cd8ee2a7bcc91b7dd93613cf90d4c74406b038a7b00a458f5abe29cc3bfd/robotpy_wpilog-2027.0.0a7-cp312-cp312-manylinux_2_39_x86_64.whl", hash = "sha256:983d939f1ac9c8d6d724d2cea48f19b6195a9bc758355d7ab97f7356738fbfe2", size = 447517, upload-time = "2026-09-11T02:56:29.164Z" },
    { url = "https://files.pythonhosted.org/packages/12/0a/527b7ea71f22d2bfffe11920070890704547df2ef6ff316dc9cffe4f186c/robotpy_wpilog-2027.0.0a7-cp312-cp312-win_amd64.whl", hash = "sha256:04cd0b5ec3cd65c8fe4969d18bbc930e45073f70e3512849769b0ba3e818ac22", size = 326918, upload-time = "2026-09-11T02:56:30.38Z" },
    { url = "https://files.pythonhosted.org/packages/98/1c/0ba29b61cbce599f340c10c75f3ba03045388ecac8a436d1e7e53ca25eed/robotpy_wpilog-2027.0.0a7-cp313-cp313-macosx_13_0_arm64.whl", hash = "sha256:73fbbb0b027f285fbef174e9777f2f41e991de1be67d9db9501abf0c791c4479", size = 381301, upload-time = "2026-09-11T02:56:31.552Z" },
    { url = "https://files.pythonhosted.org/packages/0e/d9/3584a8634139d2ffc3521303178a2c9ac33b356f34963e5fa381119f2b08/robotpy_wpilog-2027.0.0a7-cp313-cp313-macosx_13_0_x86_64.whl", hash = "sha256:f38a8994afefbb7166d70d8eaae0a254040e7cd5495295b2a5995f3c48413cb3", size = 388450, upload-time = "2026-09-11T02:56:32.999Z" },
    { url = "https://files.pythonhosted.org/packages/1b/44/a76013cd1fa0b3931879e107347e269be780ed59a4523e64277f107d4b89/robotpy_wpilog-2027.0.0a7-cp313-cp313-manylinux_2_39_aarch64.whl", hash = "sha256:c43bdcd793e79b8508eb0a4191c5aee7b2166cb7b2ff05c9056c4bd4fe1e4bb0", size = 418438, upload-time = "2026-09-11T02:56:34.19Z" },
    { url = "https://files.pythonhosted.org/packages/3f/99/de139d5b8943e60f8d0b6273836522018fbc6c7bdec2eb5d77dde2b4b691/robotpy_wpilog-2027.0.0a7-cp313-cp313-manylinux_2_39_x86_64.whl", hash = "sha256:4e608fc51afc5db7c3b49ad4962f0a2742cca340bc7b3b0b452184cc4480004e", size = 448065, upload-time = "2026-09-11T02:56:35.589Z" },
    { url = "https://files.pythonhosted.org/packages/b3/7b/0db03d09b98c952bcc794573152116521f14ccb3a86738ce36aef1bf8750/robotpy_wpilog-2027.0.0a7-cp313-cp313-win_amd64.whl", hash = "sha256:18e51636cc6c95df848661a5aa628d8d1ed8cecc404f9cb0c4b74c8cf3de9c7c", size = 326896, upload-time = "2026-09-11T02:56:36.978Z" },
    { url = "https://files.pythonhosted.org/packages/62/51/02d25c6ae3cfda2f193d21154e2481db8675b6d62d036dd063c1fce7d83c/robotpy_wpilog-2027.0.0a7-cp314-cp314-macosx_13_0_arm64.whl", hash = "sha256:d97071b8a04b34c475b3a734d386e4e4695d32f4df049970d497d5e336d09c79", size = 381740, upload-time = "2026-09-11T02:56:38.255Z" },
    { url = "https://files.pythonhosted.org/packages/7c/e4/c41c9a67a5125b1721b0fecfc831ce43c2e180f765bb0d5cfa921a55f5bd/robotpy_wpilog-2027.0.0a7-cp314-cp314-macosx_13_0_x86_64.whl", hash = "sha256:aa396c53bbf58c57b7ba490d3292f4cba2c40556dddb2b3053cde709414bf6cd", size = 387961, upload-time = "2026-09-11T02:56:39.49Z" },
    { url = "https://files.pythonhosted.org/packages/5a/43/6f1d64f32af17f1f1db62c9778ae28b93e8da3539007dec08eb26901938f/robotpy_wpilog-2027.0.0a7-cp314-cp314-manylinux_2_39_aarch64.whl", hash = "sha256:cc10bad56593a6f1e4bea33140a8fec709c1d70f3edf84f38343854f335e3413", size = 418965, upload-time = "2026-09-11T02:56:40.79Z" },
    { url = "https://files.pythonhosted.org/packages/bb/bd/105661bff7e183510c3e60e9034785166e91d4425d5d71372e0bf40166ec/robotpy_wpilog-2027.0.0a7-cp314-cp314-manylinux_2_39_x86_64.whl", hash = "sha256:c7952bfc90c68de24059a8cd886123ccfed84848288ea6157a7a6a0d32884b35", size = 448024, upload-time = "2026-09-11T02:56:42.314Z" },
    { url = "https://files.pythonhosted.org/packages/af/79/fb2bda7e063414d663685433ef0d5bbf47804667e7ea67d5d70410782c8d/robotpy_wpilog-2027.0.0a7-cp314-cp314-win_amd64.whl", hash = "sha256:8b5ea65730cc655295e08d120fb8830bba1393ae6c4b9a730286a64fa1a79fbf", size = 332120, upload-time = "2026-09-11T02:56:43.596Z" },
]

[[package]]
name = "robotpy-wpinet"
version = "2027.0.0a7"
source = { registry = "https://pypi.org/simple" }
dependencies = [
    { name = "robotpy-native-wpinet" },
    { name = "robotpy-wpiutil" },
]
wheels = [
    { url = "https://files.pythonhosted.org/packages/af/dc/79f2576b02140896296bd3a1a46795e70cc358b23bbe365c0e8aa56c0f12/robotpy_wpinet-2027.0.0a7-cp311-cp311-macosx_13_0_arm64.whl", hash = "sha256:3d65272c0d002a4aa4ab663d9f8d5823d4fda06764eb4273f048d2bb111dd778", size = 95797, upload-time = "2026-09-11T02:57:16.634Z" },
    { url = "https://files.pythonhosted.org/packages/1b/a1/c1bc9448ee2bb35e5cd5fe9265770fb8c4e13e2ad89c1753be88a0083494/robotpy_wpinet-2027.0.0a7-cp311-cp311-macosx_13_0_x86_64.whl", hash = "sha256:df415a22d6738ce1edc49fe5e0c2d6451ed6d77f595c91d84f667550c4b33b71", size = 99494, upload-time = "2026-09-11T02:57:17.953Z" },
    { url = "https://files.pythonhosted.org/packages/9f/af/6f12f6cdebe7b8e55055424f0f1f710b2cd031471ea885940af3a4bd860a/robotpy_wpinet-2027.0.0a7-cp311-cp311-manylinux_2_39_aarch64.whl", hash = "sha256:16041975360c001b28d92148c8847c63064a9eff94e56c9d8b01a6de34d1e8b5", size = 112111, upload-time = "2026-09-11T02:57:19.06Z" },
    { url = "https://files.pythonhosted.org/packages/14/87/20f2e97b342cd82d22130c1c1bdba19e22ece15fe097ada5f22a445fecaa/robotpy_wpinet-2027.0.0a7-cp311-cp311-manylinux_2_39_x86_64.whl", hash = "sha256:3cba573cb9634ed46d29aef6800064ca2233f343a40602ce2ad19f92b046157a", size = 118460, upload-time = "2026-09-11T02:57:20.207Z" },
    { url = "https://files.pythonhosted.org/packages/e6/f9/acdb0a1c096fb3bf9d4ddd04a009d1be56997978eccf23fcf87fd6ed280e/robotpy_wpinet-2027.0.0a7-cp311-cp311-win_amd64.whl", hash = "sha256:7afc7342576ed472cbbb49656d71b6bd355185c945e05b1eafc67043912abf63", size = 90216, upload-time = "2026-09-11T02:57:21.673Z" },
    { url = "https://files.pythonhosted.org/packages/12/42/8d890813bed74646b05abc8a3bef95012311b9f231b205363725ee677ee5/robotpy_wpinet-2027.0.0a7-cp312-cp312-macosx_13_0_arm64.whl", hash = "sha256:3b3f501b61eb9025221b9c131437c9ffbb4a53bf33045f33c75578a5336678e2", size = 96175, upload-time = "2026-09-11T02:57:22.684Z" },
    { url = "https://files.pythonhosted.org/packages/67/fc/1e3153f1387e1b51594067e6adb0e3aac3d2a744fb62f98950d657f32259/robotpy_wpinet-2027.0.0a7-cp312-cp312-macosx_13_0_x86_64.whl", hash = "sha256:ea0b781c981360bfe33dc83b98f6f4fc22cf56a13c19a8dc0eea684584213e37", size = 100165, upload-time = "2026-09-11T02:57:23.739Z" },
    { url = "https://files.pythonhosted.org/packages/92/81/29d05fd8c04ba6f77bf8cc7a494b8009a049f7296eec4a695ea2a4a2d975/robotpy_wpinet-2027.0.0a7-cp312-cp312-manylinux_2_39_aarch64.whl", hash = "sha256:ef8f8862f27b5f479d836b71fc61ba9384d58403891000d07ba79ef4c4bd69d0", size = 114367, upload-time = "2026-09-11T02:57:24.862Z" },
    { url = "https://files.pythonhosted.org/packages/be/81/f5c1397770265e703408294661d002fa52e70d826783e69e4ffb70327e31/robotpy_wpinet-2027.0.0a7-cp312-cp312-manylinux_2_39_x86_64.whl", hash = "sha256:d876ccd2371216eeba2b2e61a76cdf08904021fa8207558dc95956b7df7bf4e8", size = 120574, upload-time = "2026-09-11T02:57:25.996Z" },
    { url = "https://files.pythonhosted.org/packages/f7/e6/806c628d9a5c1240618f732b031e338084b4b3382a0edf01a4835eaf4312/robotpy_wpinet-2027.0.0a7-cp312-cp312-win_amd64.whl", hash = "sha256:b48241815cc8978ae549ae8883f55c0944578bb6637fe811d1c0bbabfff8fb77", size = 91101, upload-time = "2026-09-11T02:57:27.066Z" },
    { url = "https://files.pythonhosted.org/packages/e9/4c/6a1ccd5d71bff58f3a37a8341edfd23be387f46a88e214bd4feddb660577/robotpy_wpinet-2027.0.0a7-cp313-cp313-macosx_13_0_arm64.whl", hash = "sha256:8d62ab166125d30c3eaf045a6f635614e6e7e7ec7d559c3fdec5ab43abb52499", size = 96187, upload-time = "2026-09-11T02:57:28.092Z" },
    { url = "https://files.pythonhosted.org/packages/fa/64/b58db815394ee34e9af3bfd530227c40a5e7ecf9725b8c4425e247526f95/robotpy_wpinet-2027.0.0a7-cp313-cp313-macosx_13_0_x86_64.whl", hash = "sha256:e7aa686aa34b50322749b1185d1f8c864a02e9d9cc607524708bd326d32cfdb2", size = 100290, upload-time = "2026-09-11T02:57:29.127Z" },
    { url = "https://files.pythonhosted.org/packages/37/11/fd22f406da70086074cba646e3e52b1fee2ef7a45ce47f8b1945aafce2e4/robotpy_wpinet-2027.0.0a7-cp313-cp313-manylinux_2_39_aarch64.whl", hash = "sha256:81c2459d66e52e46aa585a2956632774cf01364cfb014b0664256bb709579fd1", size = 115361, upload-time = "2026-09-11T02:57:30.273Z" },
    { url = "https://files.pythonhosted.org/packages/f5/dc/ff2564b607bcd85e43a89bdcce9beb56e849277ec1554b0b0fe79cb117cb/robotpy_wpinet-2027.0.0a7-cp313-cp313-manylinux_2_39_x86_64.whl", hash = "sha256:4a1e2a64a83b85652f15541540045d12a0862a0f9675515519a0e62119ab9e2a", size = 120919, upload-time = "2026-09-11T02:57:31.598Z" },
    { url = "https://files.pythonhosted.org/packages/ca/4e/d7f75faa0429656f857d86961f42018d76a612863785fa3a6aac868379b6/robotpy_wpinet-2027.0.0a7-cp313-cp313-win_amd64.whl", hash = "sha256:b9e28d18bb753eec2f989da08f4a9cf19241e839369ebf9c2c502e379b1d95ee", size = 91114, upload-time = "2026-09-11T02:57:32.743Z" },
    { url = "https://files.pythonhosted.org/packages/5c/e7/d9d046c6ef694d149f850649455db90e82ac7fb6fa097588fa3b684fa206/robotpy_wpinet-2027.0.0a7-cp314-cp314-macosx_13_0_arm64.whl", hash = "sha256:a93b5bcf3933601130ca5ef9dc3f9d6bcf768afb3fdcb59ef417681f7d613f84", size = 96329, upload-time = "2026-09-11T02:57:33.842Z" },
    { url = "https://files.pythonhosted.org/packages/4e/17/bf16db9a7fb06e612fdef3af37f8bdbb7e5942376b997f85f7c3856cd378/robotpy_wpinet-2027.0.0a7-cp314-cp314-macosx_13_0_x86_64.whl", hash = "sha256:c82cd9298be795c76efd42e29b0d6b6f9edf478665742f7468b1e3b7bf87684b", size = 100392, upload-time = "2026-09-11T02:57:34.949Z" },
    { url = "https://files.pythonhosted.org/packages/f8/ec/00f8455c7f647d8e30ebde67202a3a28a2376eaac8e6a72a9896280ea59d/robotpy_wpinet-2027.0.0a7-cp314-cp314-manylinux_2_39_aarch64.whl", hash = "sha256:af885d4660c149694d8b3aac4eee911006118bc0b514b013097279f8baa16a77", size = 115028, upload-time = "2026-09-11T02:57:36.014Z" },
    { url = "https://files.pythonhosted.org/packages/00/e0/49f289632c4a621701fb709ae880ac3361133bd809cc11bf82a4c4b1ab05/robotpy_wpinet-2027.0.0a7-cp314-cp314-manylinux_2_39_x86_64.whl", hash = "sha256:e5b2ce704c0de1980f966a02410e0e01f9a62669e53709836d0cf95a886b33aa", size = 120974, upload-time = "2026-09-11T02:57:37.166Z" },
    { url = "https://files.pythonhosted.org/packages/b1/5c/13dd7426886f8281e14f82b8f16d583124b5116670f339fe21681aa4c7ff/robotpy_wpinet-2027.0.0a7-cp314-cp314-win_amd64.whl", hash = "sha256:080f5bc2fc4dadae9407a48a74386af599501fde34f319fa913848dcf7727ff7", size = 93156, upload-time = "2026-09-11T02:57:38.239Z" },
]

[[package]]
name = "robotpy-wpiutil"
version = "2027.0.0a7"
source = { registry = "https://pypi.org/simple" }
dependencies = [
    { name = "robotpy-native-wpiutil" },
]
wheels = [
    { url = "https://files.pythonhosted.org/packages/b2/94/707a7b7c41da49dea2c1fdc0a128d5dfe101ec7afc8601bae81bb00e5721/robotpy_wpiutil-2027.0.0a7-cp311-cp311-macosx_13_0_arm64.whl", hash = "sha256:d6e984cc6422001c39febec7662742992775e197353851cc9ab23a1eaa3b01b5", size = 298356, upload-time = "2026-09-11T02:57:39.405Z" },
    { url = "https://files.pythonhosted.org/packages/75/29/8622c8143ff71b1187a2ab2cf05517309f7c83566363181dc942adf2e4ed/robotpy_wpiutil-2027.0.0a7-cp311-cp311-macosx_13_0_x86_64.whl", hash = "sha256:7062d5862845601d680917e4f9cbdceba2011560ca8636356ab7f728b289c50a", size = 305158, upload-time = "2026-09-11T02:57:40.861Z" },
    { url = "https://files.pythonhosted.org/packages/88/12/f9406bc417e46ff425b5bb9bafa343c94efe13f24b99d9c999da87aa759a/robotpy_wpiutil-2027.0.0a7-cp311-cp311-manylinux_2_39_aarch64.whl", hash = "sha256:d82bee1f37f48c998abba1775c24dfddd4d4c305fe4219a83e9e315c77ebac03", size = 362532, upload-time = "2026-09-11T02:57:42.111Z" },
    { url = "https://files.pythonhosted.org/packages/4b/e7/ae6112bec4e39644fe057c085e821004a903863c8eef14c880421244c398/robotpy_wpiutil-2027.0.0a7-cp311-cp311-manylinux_2_39_x86_64.whl", hash = "sha256:f3e71715ab697a224d2e65a975085d577080d8073a21b365b53127234f83afe5", size = 383626, upload-time = "2026-09-11T02:57:43.344Z" },
    { url = "https://files.pythonhosted.org/packages/f0/5d/63f59f8500f8c94c1230e2a062429f2d9cd60064e20f93a6055ad782d6e3/robotpy_wpiutil-2027.0.0a7-cp311-cp311-win_amd64.whl", hash = "sha256:4061be26125a5e440e2d5e5b7c93179091ec0b848fdee30fedb4140e31c744d9", size = 296002, upload-time = "2026-09-11T02:57:44.732Z" },
    { url = "https://files.pythonhosted.org/packages/44/f3/1ee6a9d6c6155f39115b498d95a885d3b79f9d6c0cafc34d71ff01318116/robotpy_wpiutil-2027.0.0a7-cp312-cp312-macosx_13_0_arm64.whl", hash = "sha256:367effb334c5c9760169a3ac9a296278c32094231645de8d657048865f3db713", size = 298367, upload-time = "2026-09-11T02:57:45.867Z" },
    { url = "https://files.pythonhosted.org/packages/40/0c/e8850eb4cc4c0deff13a2f19c86f9c5b182d057f829669701c03f9a8478a/robotpy_wpiutil-2027.0.0a7-cp312-cp312-macosx_13_0_x86_64.whl", hash = "sha256:d6a3ed759273b9e83d5f484c77c58a773aee991f3f3851efac8101411dce8937", size = 307308, upload-time = "2026-09-11T02:57:47.137Z" },
    { url = "https://files.pythonhosted.org/packages/f7/58/a13ee97de1b857bafff8500aec8f65abaafe1e5dce6afb1f5536c24c7571/robotpy_wpiutil-2027.0.0a7-cp312-cp312-manylinux_2_39_aarch64.whl", hash = "sha256:4a71c696ed84461785aac5a5941249e8cb9d74bee1baefd5b254ec4a7c9356a4", size = 362849, upload-time = "2026-09-11T02:57:48.519Z" },
    { url = "https://files.pythonhosted.org/packages/9a/93/3f57fd2a370dbb862091cb7415d6a78a1a587acd10f6e90eb21f8db6b2b8/robotpy_wpiutil-2027.0.0a7-cp312-cp312-manylinux_2_39_x86_64.whl", hash = "sha256:319738a67b17ad8a2bae29f29a0764cc9d01812125dd6891631eebed82b253cc", size = 385282, upload-time = "2026-09-11T02:57:49.855Z" },
    { url = "https://files.pythonhosted.org/packages/27/39/01f9020989e9a7d466d4a2a49762ce291bf12f400e691d23dfc14f3be102/robotpy_wpiutil-2027.0.0a7-cp312-cp312-win_amd64.whl", hash = "sha256:0e739dc7bc61449da557d5851d6b4a0393c7f610485604686be589d5bec5f110", size = 297866, upload-time = "2026-09-11T02:57:51.312Z" },
    { url = "https://files.pythonhosted.org/packages/6b/20/f44abf6f9b5166e45276560bf282aafc3033299b39ea2ddfcc7e1df4227e/robotpy_wpiutil-2027.0.0a7-cp313-cp313-macosx_13_0_arm64.whl", hash = "sha256:0426a46177a94aa16f4918ea3932ba6fe6473231cef3be0fa364997efdaa011c", size = 298362, upload-time = "2026-09-11T02:57:52.599Z" },
    { url = "https://files.pythonhosted.org/packages/05/77/c319f2b2517da3d0c4ae3c2fbfaff9974c88ccb4561f359d8fed1b660165/robotpy_wpiutil-2027.0.0a7-cp313-cp313-macosx_13_0_x86_64.whl", hash = "sha256:4da5bf2bb9851beee0496e70e86c34082449b0b94f4b4e210925ed3862779009", size = 307165, upload-time = "2026-09-11T02:57:53.796Z" },
    { url = "https://files.pythonhosted.org/packages/8f/bd/4a6ff00a425be3437d5183bdc989eac2af3907b020818bc85728dc7df702/robotpy_wpiutil-2027.0.0a7-cp313-cp313-manylinux_2_39_aarch64.whl", hash = "sha256:3e3b04c433a4589a3997c1d42734f8896145c40d330c5f5a6f4e6bd7bf79c5a9", size = 363693, upload-time = "2026-09-11T02:57:55.195Z" },
    { url = "https://files.pythonhosted.org/packages/98/f5/fee67fa9b40e00b965f12b4b7c614c22f636658f71220ae29a3f30864dee/robotpy_wpiutil-2027.0.0a7-cp313-cp313-manylinux_2_39_x86_64.whl", hash = "sha256:f2865728a99ec506c8954875e915e166df578ed89c962989f5b89061676c22b5", size = 386427, upload-time = "2026-09-11T02:57:56.577Z" },
    { url = "https://files.pythonhosted.org/packages/e3/47/6a9a81e35be1f9d6330f0442310030fa0008df4087d14e3a539cfdffb07c/robotpy_wpiutil-2027.0.0a7-cp313-cp313-win_amd64.whl", hash = "sha256:4c74811c019a1bf76e503c7cb10ba2390dcfcc2bbf9538d05313353501e8af6d", size = 297897, upload-time = "2026-09-11T02:57:57.827Z" },
    { url = "https://files.pythonhosted.org/packages/fd/db/b9ddc9142804891458a0af6099ba2ab0bc4880335923e240d687b28a10a5/robotpy_wpiutil-2027.0.0a7-cp314-cp314-macosx_13_0_arm64.whl", hash = "sha256:5103ce8ad318aaeb4cb1820a73681231e7dfa76de99f64919bcc60dac5e5246b", size = 299033, upload-time = "2026-09-11T02:57:59.091Z" },
    { url = "https://files.pythonhosted.org/packages/14/e4/2f2b1fa1691ef144b52e372e5feba538de31ae71db526e2bd6fbe6a6b6c2/robotpy_wpiutil-2027.0.0a7-cp314-cp314-macosx_13_0_x86_64.whl", hash = "sha256:851b7728d4d2e89b95009f98ee4d0210682d78c718ead02d4cfa07b9ae526f00", size = 307227, upload-time = "2026-09-11T02:58:00.336Z" },
    { url = "https://files.pythonhosted.org/packages/0b/0c/72b17525973258fd47452ac6ce2c50fbcdbae091acadf22c81dc6dc07096/robotpy_wpiutil-2027.0.0a7-cp314-cp314-manylinux_2_39_aarch64.whl", hash = "sha256:227383206a816115b010c24732fd81a47be0a595e1c84c898f27288b0e6670a2", size = 365011, upload-time = "2026-09-11T02:58:01.6Z" },
    { url = "https://files.pythonhosted.org/packages/01/dc/65633878d117e9cee804b173c33f6b46816bbf6e46e6bfdfb42a605bebee/robotpy_wpiutil-2027.0.0a7-cp314-cp314-manylinux_2_39_x86_64.whl", hash = "sha256:ed9a6b796ed70b0b29ca7168c171b9462ff7b06d275324ad3bef1c0be3b3f236", size = 387129, upload-time = "2026-09-11T02:58:03.02Z" },
    { url = "https://files.pythonhosted.org/packages/dd/c3/59e8f174a54011774d18b62b290aa5a5fe6559e03ab3be611f58cf89c2f6/robotpy_wpiutil-2027.0.0a7-cp314-cp314-win_amd64.whl", hash = "sha256:31d9d72c30092c6aee8fbfd575a874f63aa1e0e628baef9945274af290a78a8a", size = 304013, upload-time = "2026-09-11T02:58:04.317Z" },
]

[[package]]
name = "tarwyn-bench"
version = "0.0.0"
source = { virtual = "." }
dependencies = [
    { name = "pyntcore" },
]

[package.metadata]
requires-dist = [{ name = "pyntcore", specifier = "==2027.0.0a7" }]
